{
  "name": "l4n-provider-reflexarena",
  "version": "0.5.0",
  "lockfileVersion": 1,
  "requires": true,
  "dependencies": {
    "debug": {
      "version": "3.1.0",
      "resolved": "https://registry.npmjs.org/debug/-/debug-3.1.0.tgz",
      "integrity": "sha512-OX8XqP7/1a9cqkxYw2yXss15f26NKWBpDXQd0/uK/KPqdQhxbPa994hnzjcE2VqQpDslf55723cKPUOGSmMY3g==",
      "requires": {
        "ms": "2.0.0"
      }
    },
    "l4n-query": {
      "version": "0.0.0",
      "resolved": "https://registry.npmjs.org/l4n-query/-/l4n-query-0.0.0.tgz",
      "integrity": "sha512-N9/4DDlj2EzVEHJMF9HRvqWVOn0JznWpafNhW69cNWXpmB7E4qSB4PFpusfYiXdvZWbyhsMQbLBujikgNi9LFA==",
      "requires": {
        "debug": "3.1.0"
      }
    },
    "ms": {
      "version": "2.0.0",
      "resolved": "https://registry.npmjs.org/ms/-/ms-2.0.0.tgz",
      "integrity": "sha1-VgiurfwAvmwpAd9fmGF4jeDVl8g="
    }
  }
}
